# This file is automatically @generated by Cargo.
# It is not intended for manual editing.
version = 4

[[package]]
name = "sim-expr-tree"
version = "0.1.0"
dependencies = [
 "sim-lib-expr-tree-serve",
]

[[package]]
name = "sim-expr-tree-calc"
version = "0.1.0"
dependencies = [
 "sim-expr-tree-core",
]

[[package]]
name = "sim-expr-tree-core"
version = "0.1.0"

[[package]]
name = "sim-lib-expr-tree"
version = "0.1.0"
dependencies = [
 "sim-expr-tree-calc",
 "sim-expr-tree-core",
]

[[package]]
name = "sim-lib-expr-tree-serve"
version = "0.1.0"
dependencies = [
 "sim-lib-expr-tree-server",
]

[[package]]
name = "sim-lib-expr-tree-server"
version = "0.1.0"
dependencies = [
 "sim-lib-expr-tree",
 "sim-lib-view-expr-tree",
]

[[package]]
name = "sim-lib-view-expr-tree"
version = "0.1.0"
dependencies = [
 "sim-lib-expr-tree",
]

[[package]]
name = "xtask"
version = "0.1.0"
