# This file is automatically @generated by Cargo.
# It is not intended for manual editing.
version = 4

[[package]]
name = "autocfg"
version = "1.5.1"
source = "registry+https://github.com/rust-lang/crates.io-index"
checksum = "f2032f911046de80f0a198e0901378627c33f59ea0ac00e363d481118bd70a53"

[[package]]
name = "bitflags"
version = "2.13.1"
source = "registry+https://github.com/rust-lang/crates.io-index"
checksum = "b588b76d00fde79687d7646a9b5bdf3cc0f655e0bbd080335a95d7e96f3587da"

[[package]]
name = "bumpalo"
version = "3.20.3"
source = "registry+https://github.com/rust-lang/crates.io-index"
checksum = "72f5acc6cb2ba439de613abc23857ec3d78374d8ed5ac84e9d11336e87da8649"

[[package]]
name = "cfg-if"
version = "1.0.4"
source = "registry+https://github.com/rust-lang/crates.io-index"
checksum = "9330f8b2ff13f34540b44e946ef35111825727b38d33286ef986142615121801"

[[package]]
name = "crunchy"
version = "0.2.4"
source = "registry+https://github.com/rust-lang/crates.io-index"
checksum = "460fbee9c2c2f33933d720630a6a0bac33ba7053db5344fac858d4b8952d77d5"

[[package]]
name = "equivalent"
version = "1.0.2"
source = "registry+https://github.com/rust-lang/crates.io-index"
checksum = "877a4ace8713b0bcf2a4e7eec82529c029f1d0619886d18145fea96c3ffe5c0f"

[[package]]
name = "foldhash"
version = "0.1.5"
source = "registry+https://github.com/rust-lang/crates.io-index"
checksum = "d9c4f5dac5e15c24eb999c26181a6ca40b39fe946cbe4c263c7209467bc83af2"

[[package]]
name = "half"
version = "2.7.1"
source = "registry+https://github.com/rust-lang/crates.io-index"
checksum = "6ea2d84b969582b4b1864a92dc5d27cd2b77b622a8d79306834f1be5ba20d84b"
dependencies = [
 "cfg-if",
 "crunchy",
 "zerocopy",
]

[[package]]
name = "hashbrown"
version = "0.15.5"
source = "registry+https://github.com/rust-lang/crates.io-index"
checksum = "9229cfe53dfd69f0609a49f65461bd93001ea1ef889cd5529dd176593f5338a1"
dependencies = [
 "foldhash",
]

[[package]]
name = "hashbrown"
version = "0.17.1"
source = "registry+https://github.com/rust-lang/crates.io-index"
checksum = "ed5909b6e89a2db4456e54cd5f673791d7eca6732202bbf2a9cc504fe2f9b84a"

[[package]]
name = "indexmap"
version = "2.14.0"
source = "registry+https://github.com/rust-lang/crates.io-index"
checksum = "d466e9454f08e4a911e14806c24e16fba1b4c121d1ea474396f396069cf949d9"
dependencies = [
 "equivalent",
 "hashbrown 0.17.1",
]

[[package]]
name = "inventory"
version = "0.3.24"
source = "registry+https://github.com/rust-lang/crates.io-index"
checksum = "a4f0c30c76f2f4ccee3fe55a2435f691ca00c0e4bd87abe4f4a851b1d4dac39b"
dependencies = [
 "rustversion",
]

[[package]]
name = "itoa"
version = "1.0.18"
source = "registry+https://github.com/rust-lang/crates.io-index"
checksum = "8f42a60cbdf9a97f5d2305f08a87dc4e09308d1276d28c869c684d7777685682"

[[package]]
name = "leb128fmt"
version = "0.1.0"
source = "registry+https://github.com/rust-lang/crates.io-index"
checksum = "09edd9e8b54e49e587e4f6295a7d29c3ea94d469cb40ab8ca70b288248a81db2"

[[package]]
name = "libm"
version = "0.2.16"
source = "registry+https://github.com/rust-lang/crates.io-index"
checksum = "b6d2cec3eae94f9f509c767b45932f1ada8350c4bdb85af2fcab4a3c14807981"

[[package]]
name = "memchr"
version = "2.8.3"
source = "registry+https://github.com/rust-lang/crates.io-index"
checksum = "cf8baf1c55e62ffcace7a9f06f4bd9cd3f0c4beb022d3b367256b91b87513d98"

[[package]]
name = "num-bigint"
version = "0.4.8"
source = "registry+https://github.com/rust-lang/crates.io-index"
checksum = "c89e69e7e0f03bea5ef08013795c25018e101932225a656383bd384495ecc367"
dependencies = [
 "num-integer",
 "num-traits",
]

[[package]]
name = "num-integer"
version = "0.1.46"
source = "registry+https://github.com/rust-lang/crates.io-index"
checksum = "7969661fd2958a5cb096e56c8e1ad0444ac2bbcd0061bd28660485a44879858f"
dependencies = [
 "num-traits",
]

[[package]]
name = "num-traits"
version = "0.2.19"
source = "registry+https://github.com/rust-lang/crates.io-index"
checksum = "071dfc062690e90b734c0b2273ce72ad0ffa95f0c74596bc250dcfd960262841"
dependencies = [
 "autocfg",
]

[[package]]
name = "proc-macro-crate"
version = "3.5.0"
source = "registry+https://github.com/rust-lang/crates.io-index"
checksum = "e67ba7e9b2b56446f1d419b1d807906278ffa1a658a8a5d8a39dcb1f5a78614f"
dependencies = [
 "toml_edit",
]

[[package]]
name = "proc-macro2"
version = "1.0.107"
source = "registry+https://github.com/rust-lang/crates.io-index"
checksum = "985e7ec9bb745e6ce6535b544d84d6cd6f7ad8bd711c398938ae983b91a766d9"
dependencies = [
 "unicode-ident",
]

[[package]]
name = "quote"
version = "1.0.47"
source = "registry+https://github.com/rust-lang/crates.io-index"
checksum = "1fbf4db142a473a8d80c26bbf18454ed458bf8d26c8219c331daecfdbd079001"
dependencies = [
 "proc-macro2",
]

[[package]]
name = "rustversion"
version = "1.0.23"
source = "registry+https://github.com/rust-lang/crates.io-index"
checksum = "cf54715a573b99ac80df0bc206da022bcd442c974952c7b9720069370852e21f"

[[package]]
name = "serde"
version = "1.0.229"
source = "registry+https://github.com/rust-lang/crates.io-index"
checksum = "4148590afebada386688f18773da617792bf2ef03ffc1e4cbd2b1d45b023e0ba"
dependencies = [
 "serde_core",
 "serde_derive",
]

[[package]]
name = "serde_core"
version = "1.0.229"
source = "registry+https://github.com/rust-lang/crates.io-index"
checksum = "67dca2c9c51e58a4791a4b1ed58308b39c64224d349a935ab5039aa360942a48"
dependencies = [
 "serde_derive",
]

[[package]]
name = "serde_derive"
version = "1.0.229"
source = "registry+https://github.com/rust-lang/crates.io-index"
checksum = "e7a5d71263a5a7d47b41f6b3f06ba276f10cc18b0931f1799f710578e2309348"
dependencies = [
 "proc-macro2",
 "quote",
 "syn 3.0.3",
]

[[package]]
name = "serde_json"
version = "1.0.151"
source = "registry+https://github.com/rust-lang/crates.io-index"
checksum = "c841b55ecdae098c80dcae9cf767f6f8a0c2cdb3416bbef72181df4d0fe73f14"
dependencies = [
 "itoa",
 "memchr",
 "serde",
 "serde_core",
 "zmij",
]

[[package]]
name = "sim-citizen"
version = "0.2.0"
source = "registry+https://github.com/rust-lang/crates.io-index"
checksum = "be0642ec328afcbb0ac615a0f7550846bd1df9f79820de624f45ea640a4a5e5e"
dependencies = [
 "inventory",
 "sim-kernel",
 "sim-value",
]

[[package]]
name = "sim-citizen-derive"
version = "0.2.0"
source = "registry+https://github.com/rust-lang/crates.io-index"
checksum = "3a1d8410aba0b26fb2e41555aa65ee953c9fdbe6c1c0f3ad9aaefc0542b97dfe"
dependencies = [
 "proc-macro-crate",
 "proc-macro2",
 "quote",
 "syn 2.0.119",
]

[[package]]
name = "sim-codec"
version = "0.1.7"
source = "registry+https://github.com/rust-lang/crates.io-index"
checksum = "2977de1bc156c1666cd77f774d0956b7f61c48cb41828485df43c26230064e4c"
dependencies = [
 "sim-citizen",
 "sim-citizen-derive",
 "sim-cookbook",
 "sim-kernel",
 "sim-lib-net-core",
 "sim-shape",
]

[[package]]
name = "sim-codec-algol"
version = "0.1.3"
source = "registry+https://github.com/rust-lang/crates.io-index"
checksum = "bd0202adc24cbfb8645ed66d01d11f72ad04eda63936b29b70181c40b048417e"
dependencies = [
 "sim-codec",
 "sim-codec-lisp",
 "sim-codec-pratt",
 "sim-cookbook",
 "sim-kernel",
 "sim-shape",
]

[[package]]
name = "sim-codec-binary"
version = "0.2.0"
source = "registry+https://github.com/rust-lang/crates.io-index"
checksum = "a20f099878f5d87ed375eff879d2a39e811e8f2263710819c240be09ab1b505b"
dependencies = [
 "sim-codec",
 "sim-cookbook",
 "sim-kernel",
 "sim-value",
]

[[package]]
name = "sim-codec-binary-base64"
version = "0.1.4"
source = "registry+https://github.com/rust-lang/crates.io-index"
checksum = "a7332b2c6755a2403485fff888a2472267e6d78c5fe42e3590cd7a3f5b23fd1d"
dependencies = [
 "sim-codec",
 "sim-codec-binary",
 "sim-cookbook",
 "sim-kernel",
 "sim-value",
]

[[package]]
name = "sim-codec-chat"
version = "0.2.0"
source = "registry+https://github.com/rust-lang/crates.io-index"
checksum = "c7cf8e2064514f55bc40eca9407dad11ae1c314c9b7da9c2c0a2d6266f9e1fba"
dependencies = [
 "serde_json",
 "sim-codec",
 "sim-codec-binary-base64",
 "sim-codec-json",
 "sim-cookbook",
 "sim-kernel",
 "sim-shape",
 "sim-value",
]

[[package]]
name = "sim-codec-config"
version = "0.1.1"
source = "registry+https://github.com/rust-lang/crates.io-index"
checksum = "5f6aa92205cb89d8d81582c1af7ed36cd6675b5682428e9bf4a2c09f1387c1ec"
dependencies = [
 "sim-codec",
 "sim-cookbook",
 "sim-kernel",
]

[[package]]
name = "sim-codec-json"
version = "0.2.0"
source = "registry+https://github.com/rust-lang/crates.io-index"
checksum = "663e55078251b34fde9d4cbdc8deba5e44a0d2ba7c2939d79e58e3fa9678b939"
dependencies = [
 "serde",
 "serde_json",
 "sim-codec",
 "sim-codec-binary-base64",
 "sim-cookbook",
 "sim-kernel",
 "sim-shape",
]

[[package]]
name = "sim-codec-lisp"
version = "0.2.0"
source = "registry+https://github.com/rust-lang/crates.io-index"
checksum = "1860005902ce13e1d42b7bcc2419a5d4b1a7747109583983a78b15985a99e853"
dependencies = [
 "proc-macro2",
 "sim-codec",
 "sim-cookbook",
 "sim-kernel",
 "sim-shape",
]

[[package]]
name = "sim-codec-pratt"
version = "0.1.2"
source = "registry+https://github.com/rust-lang/crates.io-index"
checksum = "b50df6fc521f31866a800c238fa36dfb967e0171725bf2532bd031259b5c70b5"
dependencies = [
 "sim-codec",
 "sim-cookbook",
 "sim-kernel",
]

[[package]]
name = "sim-config"
version = "0.1.3"
source = "registry+https://github.com/rust-lang/crates.io-index"
checksum = "87e9c061d40550c99467a766a9ffe743c34645472ea1e35c6a8fb3ae3267c2df"
dependencies = [
 "sim-kernel",
 "sim-table-core",
 "sim-value",
]

[[package]]
name = "sim-cookbook"
version = "0.2.0"
source = "registry+https://github.com/rust-lang/crates.io-index"
checksum = "209a43be7311949b2ffe382acb7fe185464ab55536823c78b15da8e1386675a4"
dependencies = [
 "sim-config",
 "sim-kernel",
 "sim-value",
]

[[package]]
name = "sim-expr-tree"
version = "0.1.0"
dependencies = [
 "sim-lib-expr-tree-serve",
]

[[package]]
name = "sim-expr-tree-calc"
version = "0.1.0"
dependencies = [
 "sim-codec",
 "sim-codec-json",
 "sim-codec-lisp",
 "sim-expr-tree-core",
 "sim-incremental-core",
 "sim-kernel",
 "sim-lib-stream-core",
 "sim-table-core",
]

[[package]]
name = "sim-expr-tree-core"
version = "0.1.0"
dependencies = [
 "sim-codec",
 "sim-kernel",
 "sim-table-core",
]

[[package]]
name = "sim-incremental-core"
version = "0.1.0"
source = "registry+https://github.com/rust-lang/crates.io-index"
checksum = "da579e192f90f482bfef89d1fd617015fd25a63481dd75ce6943208dc6287423"

[[package]]
name = "sim-kernel"
version = "0.2.0"
source = "registry+https://github.com/rust-lang/crates.io-index"
checksum = "1fb22a716eaf2000f9dbb6948d7654712c6c9b4d60cecf7816259c4d4ab494c1"
dependencies = [
 "thiserror",
]

[[package]]
name = "sim-lib-agent-runner-core"
version = "0.2.0"
dependencies = [
 "sim-citizen",
 "sim-citizen-derive",
 "sim-codec-chat",
 "sim-cookbook",
 "sim-kernel",
 "sim-shape",
 "sim-value",
]

[[package]]
name = "sim-lib-binding"
version = "0.1.3"
source = "registry+https://github.com/rust-lang/crates.io-index"
checksum = "bd4d8804afef681336094eb88309f8073b9aade08bbd17f135878f9befc470b5"
dependencies = [
 "sim-cookbook",
 "sim-kernel",
]

[[package]]
name = "sim-lib-control"
version = "0.1.4"
source = "registry+https://github.com/rust-lang/crates.io-index"
checksum = "3d76d59e01becd41ef8f85fc1ac13b3893aef0cf4046cc11abfd8f949d4c6830"
dependencies = [
 "sim-citizen",
 "sim-citizen-derive",
 "sim-cookbook",
 "sim-kernel",
 "sim-lib-core",
]

[[package]]
name = "sim-lib-cookbook"
version = "0.1.15"
dependencies = [
 "sim-citizen",
 "sim-citizen-derive",
 "sim-codec",
 "sim-codec-algol",
 "sim-codec-json",
 "sim-codec-lisp",
 "sim-config",
 "sim-cookbook",
 "sim-kernel",
 "sim-lib-agent-runner-core",
 "sim-lib-binding",
 "sim-lib-control",
 "sim-lib-core",
 "sim-lib-discrete",
 "sim-lib-dispatch",
 "sim-lib-lang-scheme",
 "sim-lib-midi-core",
 "sim-lib-numbers-arith",
 "sim-lib-numbers-bigint",
 "sim-lib-numbers-bool",
 "sim-lib-numbers-cas",
 "sim-lib-numbers-complex",
 "sim-lib-numbers-f64",
 "sim-lib-numbers-func",
 "sim-lib-numbers-i64",
 "sim-lib-numbers-rational",
 "sim-lib-numbers-tensor",
 "sim-lib-numbers-tensor-bcast",
 "sim-lib-numbers-tensor-cmplxf",
 "sim-lib-numbers-tensor-rat64",
 "sim-lib-pattern",
 "sim-lib-sequence",
 "sim-lib-stream-core",
 "sim-shape",
 "sim-value",
]

[[package]]
name = "sim-lib-core"
version = "0.1.3"
source = "registry+https://github.com/rust-lang/crates.io-index"
checksum = "cc5974911c23b9e0ee652c24b5c8e2a797917ca013c55073e2cc996351687557"
dependencies = [
 "sim-codec",
 "sim-cookbook",
 "sim-kernel",
 "sim-shape",
 "sim-value",
]

[[package]]
name = "sim-lib-discrete"
version = "0.1.4"
source = "registry+https://github.com/rust-lang/crates.io-index"
checksum = "8945fff4e87aa94d59fb22b2cfd7be60e65470b41b5fca9250592a748e62b763"
dependencies = [
 "sim-codec",
 "sim-cookbook",
 "sim-kernel",
 "sim-lib-core",
 "sim-lib-discrete-algebra",
 "sim-lib-discrete-comb",
 "sim-lib-discrete-graph",
 "sim-lib-discrete-spectral",
 "thiserror",
]

[[package]]
name = "sim-lib-discrete-algebra"
version = "0.2.0"
source = "registry+https://github.com/rust-lang/crates.io-index"
checksum = "078fba5cff142be2c40cc2ecb3fa31f1d1e2909cfce2594b67d2769f8da13b2f"
dependencies = [
 "num-bigint",
 "sim-cookbook",
 "thiserror",
]

[[package]]
name = "sim-lib-discrete-comb"
version = "0.2.0"
source = "registry+https://github.com/rust-lang/crates.io-index"
checksum = "fe2bb5bcfb88385e0c367e267335f4b8e472e9512e334979c0b00dd130fd48b5"
dependencies = [
 "num-bigint",
 "sim-cookbook",
 "thiserror",
]

[[package]]
name = "sim-lib-discrete-graph"
version = "0.2.0"
source = "registry+https://github.com/rust-lang/crates.io-index"
checksum = "6dbf9879f2ff9b11ff11a47327d909a787edf3e3ea098e52b148cdb3ababba3b"
dependencies = [
 "sim-cookbook",
 "sim-lib-discrete-algebra",
 "thiserror",
]

[[package]]
name = "sim-lib-discrete-spectral"
version = "0.2.0"
source = "registry+https://github.com/rust-lang/crates.io-index"
checksum = "b54f9db747d49c9622023e486c37360f05440430bde94f8d2cb24d7c752fd535"
dependencies = [
 "sim-cookbook",
 "sim-lib-discrete-algebra",
 "thiserror",
]

[[package]]
name = "sim-lib-dispatch"
version = "0.1.2"
source = "registry+https://github.com/rust-lang/crates.io-index"
checksum = "69b960083b31a3733ca173dc4ebae0b767f2527891fa84a0c6448c4c3b71be2a"
dependencies = [
 "sim-cookbook",
 "sim-kernel",
 "sim-shape",
]

[[package]]
name = "sim-lib-expr-tree"
version = "0.1.0"
dependencies = [
 "sim-citizen",
 "sim-citizen-derive",
 "sim-codec",
 "sim-codec-lisp",
 "sim-cookbook",
 "sim-expr-tree-calc",
 "sim-expr-tree-core",
 "sim-kernel",
 "sim-lib-stream-core",
 "sim-shape",
 "sim-table-core",
]

[[package]]
name = "sim-lib-expr-tree-serve"
version = "0.1.0"
dependencies = [
 "sim-codec-lisp",
 "sim-config",
 "sim-kernel",
 "sim-lib-expr-tree",
 "sim-lib-expr-tree-server",
 "sim-lib-server",
 "sim-run-core",
 "sim-web-shell",
]

[[package]]
name = "sim-lib-expr-tree-server"
version = "0.1.0"
dependencies = [
 "serde_json",
 "sim-codec-json",
 "sim-codec-lisp",
 "sim-kernel",
 "sim-lib-expr-tree",
 "sim-lib-intent",
 "sim-lib-scene",
 "sim-lib-server",
 "sim-lib-view",
 "sim-lib-view-expr-tree",
 "sim-lib-web-bridge",
 "sim-value",
 "sim-web-shell",
]

[[package]]
name = "sim-lib-intent"
version = "0.2.0"
dependencies = [
 "sim-citizen",
 "sim-citizen-derive",
 "sim-codec",
 "sim-cookbook",
 "sim-kernel",
 "sim-shape",
 "sim-value",
]

[[package]]
name = "sim-lib-lang-scheme"
version = "0.1.5"
source = "registry+https://github.com/rust-lang/crates.io-index"
checksum = "599170c531b52690a9d23145f74395f39b667b4ce17b7d9bc6cb07c9ed20c90a"
dependencies = [
 "sim-codec",
 "sim-cookbook",
 "sim-kernel",
 "sim-lib-binding",
 "sim-lib-control",
 "sim-lib-pattern",
 "sim-lib-sequence",
 "sim-lib-standard-core",
 "sim-shape",
]

[[package]]
name = "sim-lib-midi-core"
version = "0.1.4"
source = "registry+https://github.com/rust-lang/crates.io-index"
checksum = "f5d478489dd84e02cbfff31d4fd10f9da339408e2875d90ba87e130795528448"
dependencies = [
 "sim-cookbook",
 "sim-kernel",
 "sim-lib-core",
 "sim-lib-stream-clock",
 "thiserror",
]

[[package]]
name = "sim-lib-midi-live"
version = "0.1.2"
source = "registry+https://github.com/rust-lang/crates.io-index"
checksum = "199fbff10c0a0ac92ac89ef3551cc05dcbf6a0a3bf82ce3cdfacbb3e1958d0c1"
dependencies = [
 "sim-cookbook",
 "sim-kernel",
 "sim-lib-core",
 "sim-lib-midi-core",
 "thiserror",
]

[[package]]
name = "sim-lib-net-core"
version = "0.2.0"
source = "registry+https://github.com/rust-lang/crates.io-index"
checksum = "cb052dce08de1678dfe18c21866d01619561eb15e474d40f0bbead55c9059331"
dependencies = [
 "sim-cookbook",
]

[[package]]
name = "sim-lib-numbers-arith"
version = "0.3.1"
source = "registry+https://github.com/rust-lang/crates.io-index"
checksum = "9066429d637aac9cd6a4c332765dfadc7dc234a2ff14aa8868a74a1818793a50"
dependencies = [
 "sim-cookbook",
 "sim-kernel",
 "sim-lib-numbers-core",
 "sim-shape",
]

[[package]]
name = "sim-lib-numbers-bigint"
version = "0.3.1"
source = "registry+https://github.com/rust-lang/crates.io-index"
checksum = "0bf95d724c7280572c32f2c759323d5a59991eb617ec6856d6f116f084680779"
dependencies = [
 "num-bigint",
 "sim-citizen",
 "sim-citizen-derive",
 "sim-cookbook",
 "sim-kernel",
 "sim-lib-numbers-core",
 "sim-shape",
]

[[package]]
name = "sim-lib-numbers-bool"
version = "0.3.1"
source = "registry+https://github.com/rust-lang/crates.io-index"
checksum = "825894b00cc0c4a503ba2597e628560780f1f884f804595d190020168420c790"
dependencies = [
 "sim-citizen",
 "sim-citizen-derive",
 "sim-cookbook",
 "sim-kernel",
 "sim-lib-numbers-core",
 "sim-shape",
]

[[package]]
name = "sim-lib-numbers-cas"
version = "0.3.1"
source = "registry+https://github.com/rust-lang/crates.io-index"
checksum = "3bbd24368ec192d4723a8acd91aba5f3a261e18e8bd574111be0fc8408e8aa40"
dependencies = [
 "sim-citizen",
 "sim-citizen-derive",
 "sim-codec",
 "sim-cookbook",
 "sim-kernel",
 "sim-lib-numbers-core",
 "sim-shape",
]

[[package]]
name = "sim-lib-numbers-cas-eval"
version = "0.3.1"
source = "registry+https://github.com/rust-lang/crates.io-index"
checksum = "4f46f50c31f1720f5e3bd57c829a946842b753bfd102e847d2d5dace91182833"
dependencies = [
 "sim-cookbook",
 "sim-kernel",
 "sim-lib-numbers-cas",
 "sim-lib-numbers-core",
]

[[package]]
name = "sim-lib-numbers-complex"
version = "0.3.1"
source = "registry+https://github.com/rust-lang/crates.io-index"
checksum = "c63fc8332161821a8ff11d8864fd856ad8dce5ba2c36fa77b2b1e053fae4f680"
dependencies = [
 "sim-citizen",
 "sim-citizen-derive",
 "sim-cookbook",
 "sim-kernel",
 "sim-lib-numbers-core",
 "sim-shape",
]

[[package]]
name = "sim-lib-numbers-core"
version = "0.3.1"
source = "registry+https://github.com/rust-lang/crates.io-index"
checksum = "26705718353004693b7443f4413f6d54142f2a3594787f7c2d92e0c65060f19c"
dependencies = [
 "sim-cookbook",
 "sim-kernel",
 "sim-shape",
]

[[package]]
name = "sim-lib-numbers-f64"
version = "0.3.1"
source = "registry+https://github.com/rust-lang/crates.io-index"
checksum = "b2da98cac85f425e5a131198efe9473af61970ff75d93c33b93935a810d85a7d"
dependencies = [
 "sim-citizen",
 "sim-citizen-derive",
 "sim-cookbook",
 "sim-kernel",
 "sim-lib-numbers-core",
 "sim-shape",
]

[[package]]
name = "sim-lib-numbers-func"
version = "0.3.1"
source = "registry+https://github.com/rust-lang/crates.io-index"
checksum = "8548e0a1767feeebe3e4912d66fdc2e0717969be93e5aca47905d75eaf9ffb01"
dependencies = [
 "sim-citizen",
 "sim-citizen-derive",
 "sim-cookbook",
 "sim-kernel",
 "sim-lib-numbers-cas",
 "sim-lib-numbers-cas-eval",
 "sim-lib-numbers-core",
 "sim-shape",
]

[[package]]
name = "sim-lib-numbers-i64"
version = "0.3.1"
source = "registry+https://github.com/rust-lang/crates.io-index"
checksum = "0b914fdba45963944e7a1fd78948c990dea3cfd68580980eb50fce8c8825d5a5"
dependencies = [
 "num-bigint",
 "sim-citizen",
 "sim-citizen-derive",
 "sim-cookbook",
 "sim-kernel",
 "sim-lib-numbers-core",
 "sim-shape",
]

[[package]]
name = "sim-lib-numbers-rational"
version = "0.3.1"
source = "registry+https://github.com/rust-lang/crates.io-index"
checksum = "2ee48b328acb8d9041a6c1f8dd67015fcb2ee25747ab662a195112619d35fc13"
dependencies = [
 "num-bigint",
 "sim-citizen",
 "sim-citizen-derive",
 "sim-cookbook",
 "sim-kernel",
 "sim-lib-numbers-core",
 "sim-shape",
]

[[package]]
name = "sim-lib-numbers-tensor"
version = "0.2.1"
source = "registry+https://github.com/rust-lang/crates.io-index"
checksum = "c74a10369ab1b163ef76e9e4c8a27a488e7546fee62c358ae1b65c08c59e10af"
dependencies = [
 "half",
 "sim-citizen",
 "sim-citizen-derive",
 "sim-cookbook",
 "sim-kernel",
 "sim-lib-numbers-core",
 "sim-shape",
]

[[package]]
name = "sim-lib-numbers-tensor-bcast"
version = "0.3.1"
source = "registry+https://github.com/rust-lang/crates.io-index"
checksum = "2c86f6c322046f522afc778211d8da6a4f0ae06e143c98c42150b6c04fb8ff58"
dependencies = [
 "sim-cookbook",
 "sim-kernel",
 "sim-lib-numbers-core",
 "sim-lib-numbers-tensor",
]

[[package]]
name = "sim-lib-numbers-tensor-cmplxf"
version = "0.3.1"
source = "registry+https://github.com/rust-lang/crates.io-index"
checksum = "28a6026f2fa966492f0f7cca3e63db3cad8228d6aea74fcdcbf395fb9f1334cf"
dependencies = [
 "sim-cookbook",
 "sim-kernel",
 "sim-lib-numbers-tensor",
]

[[package]]
name = "sim-lib-numbers-tensor-rat64"
version = "0.3.1"
source = "registry+https://github.com/rust-lang/crates.io-index"
checksum = "2678d8a2e76147d010b0230b68e9318ad3e58625514822ffce6a31b067b8dc0e"
dependencies = [
 "sim-cookbook",
 "sim-kernel",
 "sim-lib-numbers-tensor",
]

[[package]]
name = "sim-lib-pattern"
version = "0.1.3"
source = "registry+https://github.com/rust-lang/crates.io-index"
checksum = "7e588ee09830ff147f0e530ba8a06d0a3ad473e4fd18ab89dfce891da3033037"
dependencies = [
 "sim-citizen",
 "sim-citizen-derive",
 "sim-cookbook",
 "sim-kernel",
 "sim-shape",
]

[[package]]
name = "sim-lib-scene"
version = "0.2.0"
dependencies = [
 "sim-citizen",
 "sim-citizen-derive",
 "sim-codec",
 "sim-cookbook",
 "sim-kernel",
 "sim-shape",
 "sim-value",
]

[[package]]
name = "sim-lib-sequence"
version = "0.1.3"
source = "registry+https://github.com/rust-lang/crates.io-index"
checksum = "45bfb9fb24ac50c5b9a13351c2395b795811b6153508bde7419cbbd2566dc172"
dependencies = [
 "sim-citizen",
 "sim-citizen-derive",
 "sim-cookbook",
 "sim-kernel",
]

[[package]]
name = "sim-lib-server"
version = "0.1.10"
dependencies = [
 "sim-citizen",
 "sim-citizen-derive",
 "sim-codec",
 "sim-codec-binary",
 "sim-codec-binary-base64",
 "sim-cookbook",
 "sim-kernel",
 "sim-lib-cookbook",
 "sim-lib-core",
 "sim-lib-net-core",
 "sim-lib-stream-core",
 "sim-shape",
 "sim-value",
 "sim-wasm-abi",
]

[[package]]
name = "sim-lib-standard-core"
version = "0.1.3"
source = "registry+https://github.com/rust-lang/crates.io-index"
checksum = "7ed2179d1102d79c0df3cdcd8fef50ebffb8880c1ba51c4077cf258c0ab6f258"
dependencies = [
 "indexmap",
 "sim-citizen",
 "sim-cookbook",
 "sim-kernel",
 "sim-lib-core",
 "sim-value",
]

[[package]]
name = "sim-lib-stream-clock"
version = "0.1.2"
source = "registry+https://github.com/rust-lang/crates.io-index"
checksum = "432e03516f8aa7093626c4e06b76db5909514bfa120ec3ecd78611ef3c37fd74"
dependencies = [
 "sim-citizen",
 "sim-citizen-derive",
 "sim-cookbook",
 "sim-kernel",
 "sim-lib-stream-core",
 "sim-value",
]

[[package]]
name = "sim-lib-stream-core"
version = "0.1.4"
source = "registry+https://github.com/rust-lang/crates.io-index"
checksum = "a4c46d25e67770bf27e6fffc44751efea9f676c01febb1fe45c32e2e90576b45"
dependencies = [
 "sim-citizen",
 "sim-citizen-derive",
 "sim-cookbook",
 "sim-kernel",
 "sim-shape",
 "sim-value",
]

[[package]]
name = "sim-lib-stream-fabric"
version = "0.2.0"
dependencies = [
 "sim-codec-binary",
 "sim-cookbook",
 "sim-kernel",
 "sim-lib-server",
 "sim-lib-stream-core",
 "sim-run-core",
 "sim-value",
]

[[package]]
name = "sim-lib-stream-host"
version = "0.1.6"
source = "registry+https://github.com/rust-lang/crates.io-index"
checksum = "1224f8636950448b362d365c7d5794cc2ffe238f8d055526fa19ccdb93fa846d"
dependencies = [
 "sim-config",
 "sim-kernel",
 "sim-lib-midi-core",
 "sim-lib-midi-live",
 "sim-lib-stream-core",
 "sim-lib-view-device",
 "sim-value",
]

[[package]]
name = "sim-lib-view"
version = "0.2.0"
dependencies = [
 "sim-citizen",
 "sim-citizen-derive",
 "sim-codec",
 "sim-cookbook",
 "sim-kernel",
 "sim-lib-intent",
 "sim-lib-scene",
 "sim-shape",
 "sim-value",
]

[[package]]
name = "sim-lib-view-device"
version = "0.1.2"
dependencies = [
 "sim-cookbook",
 "sim-kernel",
 "sim-lib-scene",
 "sim-lib-view",
 "sim-value",
]

[[package]]
name = "sim-lib-view-expr-tree"
version = "0.1.0"
dependencies = [
 "sim-expr-tree-calc",
 "sim-kernel",
 "sim-lib-expr-tree",
 "sim-lib-intent",
 "sim-lib-scene",
 "sim-lib-view",
 "sim-value",
]

[[package]]
name = "sim-lib-view-spatial"
version = "0.1.1"
dependencies = [
 "sim-cookbook",
 "sim-kernel",
 "sim-lib-intent",
 "sim-lib-scene",
 "sim-lib-view",
 "sim-lib-view-device",
 "sim-table-core",
 "sim-value",
]

[[package]]
name = "sim-lib-web-bridge"
version = "0.1.3"
dependencies = [
 "sim-cookbook",
 "sim-kernel",
 "sim-lib-intent",
 "sim-lib-scene",
 "sim-lib-server",
 "sim-lib-stream-core",
 "sim-lib-stream-fabric",
 "sim-lib-view",
 "sim-lib-view-device",
 "sim-lib-view-spatial",
 "sim-value",
]

[[package]]
name = "sim-run-core"
version = "0.2.0"
dependencies = [
 "sim-codec-config",
 "sim-config",
 "sim-kernel",
 "sim-lib-net-core",
 "sim-lib-stream-host",
 "sim-run-loaders",
]

[[package]]
name = "sim-run-loaders"
version = "0.1.5"
dependencies = [
 "sim-kernel",
 "sim-value",
]

[[package]]
name = "sim-shape"
version = "0.2.0"
source = "registry+https://github.com/rust-lang/crates.io-index"
checksum = "0e1939c6c78fd8294ea37337a455dd2b3fca89142499466f804971c8e680ad2b"
dependencies = [
 "sim-citizen",
 "sim-citizen-derive",
 "sim-kernel",
]

[[package]]
name = "sim-table-core"
version = "0.1.3"
source = "registry+https://github.com/rust-lang/crates.io-index"
checksum = "eebc79391094d5a02711ca4d7bbb8ff5525574cae9d8e305ed1ce11257a12098"
dependencies = [
 "sim-kernel",
 "sim-value",
]

[[package]]
name = "sim-value"
version = "0.2.0"
source = "registry+https://github.com/rust-lang/crates.io-index"
checksum = "a5a3ca34efc2b8cd76bf8a99164b12984adffac302f910989acbb0378f20e04f"
dependencies = [
 "sim-kernel",
]

[[package]]
name = "sim-wasm-abi"
version = "0.2.0"
source = "registry+https://github.com/rust-lang/crates.io-index"
checksum = "9815d039d1d1bc06a180a2615ddee1d288ad7c9b3fe95e480504fadfae19e454"
dependencies = [
 "sim-codec-binary",
 "sim-kernel",
 "wasmi",
]

[[package]]
name = "sim-web-shell"
version = "0.1.11"
dependencies = [
 "serde_json",
 "sim-codec-algol",
 "sim-codec-binary",
 "sim-codec-chat",
 "sim-codec-json",
 "sim-codec-lisp",
 "sim-kernel",
 "sim-lib-net-core",
 "sim-lib-server",
 "sim-lib-stream-core",
 "sim-lib-view",
 "sim-lib-web-bridge",
 "sim-run-core",
]

[[package]]
name = "spin"
version = "0.9.9"
source = "registry+https://github.com/rust-lang/crates.io-index"
checksum = "3763264f6b73151db08c50ff20d7d8a0b8796e021cdea7ceedad07b80155fa0e"

[[package]]
name = "string-interner"
version = "0.19.0"
source = "registry+https://github.com/rust-lang/crates.io-index"
checksum = "23de088478b31c349c9ba67816fa55d9355232d63c3afea8bf513e31f0f1d2c0"
dependencies = [
 "hashbrown 0.15.5",
 "serde",
]

[[package]]
name = "syn"
version = "2.0.119"
source = "registry+https://github.com/rust-lang/crates.io-index"
checksum = "872831b642d1a07999a962a351ed35b955ea2cfc8f3862091e2a240a84f17297"
dependencies = [
 "proc-macro2",
 "quote",
 "unicode-ident",
]

[[package]]
name = "syn"
version = "3.0.3"
source = "registry+https://github.com/rust-lang/crates.io-index"
checksum = "53e9bae58849f64dfa4f5d5ae372c8341f7305f82a3868709269343628b659a3"
dependencies = [
 "proc-macro2",
 "quote",
 "unicode-ident",
]

[[package]]
name = "thiserror"
version = "1.0.69"
source = "registry+https://github.com/rust-lang/crates.io-index"
checksum = "b6aaf5339b578ea85b50e080feb250a3e8ae8cfcdff9a461c9ec2904bc923f52"
dependencies = [
 "thiserror-impl",
]

[[package]]
name = "thiserror-impl"
version = "1.0.69"
source = "registry+https://github.com/rust-lang/crates.io-index"
checksum = "4fee6c4efc90059e10f81e6d42c60a18f76588c3d74cb83a0b242a2b6c7504c1"
dependencies = [
 "proc-macro2",
 "quote",
 "syn 2.0.119",
]

[[package]]
name = "toml_datetime"
version = "1.1.1+spec-1.1.0"
source = "registry+https://github.com/rust-lang/crates.io-index"
checksum = "3165f65f62e28e0115a00b2ebdd37eb6f3b641855f9d636d3cd4103767159ad7"
dependencies = [
 "serde_core",
]

[[package]]
name = "toml_edit"
version = "0.25.13+spec-1.1.0"
source = "registry+https://github.com/rust-lang/crates.io-index"
checksum = "6975367e4d2ef766d86af01ffad14b622fecc8d4357a998fbc4deb6e9bacaf9b"
dependencies = [
 "indexmap",
 "toml_datetime",
 "toml_parser",
 "winnow",
]

[[package]]
name = "toml_parser"
version = "1.1.3+spec-1.1.0"
source = "registry+https://github.com/rust-lang/crates.io-index"
checksum = "1d38ac1cf9b95face32296c0a3ede1fdc270627c9d9c02a7274dd6d960dc4d56"
dependencies = [
 "winnow",
]

[[package]]
name = "unicode-ident"
version = "1.0.24"
source = "registry+https://github.com/rust-lang/crates.io-index"
checksum = "e6e4313cd5fcd3dad5cafa179702e2b244f760991f45397d14d4ebf38247da75"

[[package]]
name = "unicode-width"
version = "0.2.2"
source = "registry+https://github.com/rust-lang/crates.io-index"
checksum = "b4ac048d71ede7ee76d585517add45da530660ef4390e49b098733c6e897f254"

[[package]]
name = "wasm-encoder"
version = "0.254.0"
source = "registry+https://github.com/rust-lang/crates.io-index"
checksum = "09480d646178e5fdd12bb06e812d0af9a3a191dbc9cd697fdc86687beade7393"
dependencies = [
 "leb128fmt",
 "wasmparser 0.254.0",
]

[[package]]
name = "wasmi"
version = "0.51.5"
source = "registry+https://github.com/rust-lang/crates.io-index"
checksum = "bb321403ce594274827657a908e13d1d9918aa02257b8bf8391949d9764023ff"
dependencies = [
 "spin",
 "wasmi_collections",
 "wasmi_core",
 "wasmi_ir",
 "wasmparser 0.228.0",
 "wat",
]

[[package]]
name = "wasmi_collections"
version = "0.51.5"
source = "registry+https://github.com/rust-lang/crates.io-index"
checksum = "e9b8e98e45a2a534489f8225e765cbf1cb9a3078072605e58158910cf4749172"
dependencies = [
 "string-interner",
]

[[package]]
name = "wasmi_core"
version = "0.51.5"
source = "registry+https://github.com/rust-lang/crates.io-index"
checksum = "c25f375c0cdf14810eab07f532f61f14d4966f09c747a55067fdf3196e8512e6"
dependencies = [
 "libm",
]

[[package]]
name = "wasmi_ir"
version = "0.51.5"
source = "registry+https://github.com/rust-lang/crates.io-index"
checksum = "624e2a68a4293ecb8f564260b68394b29cf3b3edba6bce35532889a2cb33c3d9"
dependencies = [
 "wasmi_core",
]

[[package]]
name = "wasmparser"
version = "0.228.0"
source = "registry+https://github.com/rust-lang/crates.io-index"
checksum = "4abf1132c1fdf747d56bbc1bb52152400c70f336870f968b85e89ea422198ae3"
dependencies = [
 "bitflags",
 "indexmap",
]

[[package]]
name = "wasmparser"
version = "0.254.0"
source = "registry+https://github.com/rust-lang/crates.io-index"
checksum = "d5769a29f799fbab136aaf65b4fe5384cd7d93fe6fc9ba0dcb6c8382a1f16e27"
dependencies = [
 "bitflags",
 "indexmap",
]

[[package]]
name = "wast"
version = "254.0.0"
source = "registry+https://github.com/rust-lang/crates.io-index"
checksum = "e7ed4dfc8f6b9fc38b231065e2cdfbf7359af5ab945990abf09658dcc63c3e32"
dependencies = [
 "bumpalo",
 "leb128fmt",
 "memchr",
 "unicode-width",
 "wasm-encoder",
]

[[package]]
name = "wat"
version = "1.254.0"
source = "registry+https://github.com/rust-lang/crates.io-index"
checksum = "7127f7f9b8f127c879991cecd35f494e4628bae1b0874c681414d8d8831e952c"
dependencies = [
 "wast",
]

[[package]]
name = "winnow"
version = "1.0.4"
source = "registry+https://github.com/rust-lang/crates.io-index"
checksum = "23b97319f7b8343df12cc98938e5c3eb436064524c8d2b4e30a1d3a36eecdf81"
dependencies = [
 "memchr",
]

[[package]]
name = "xtask"
version = "0.1.0"

[[package]]
name = "zerocopy"
version = "0.8.55"
source = "registry+https://github.com/rust-lang/crates.io-index"
checksum = "b5a105cd7b140f6eeec8acff2ea38135d3cab283ada58540f629fe51e46696eb"
dependencies = [
 "zerocopy-derive",
]

[[package]]
name = "zerocopy-derive"
version = "0.8.55"
source = "registry+https://github.com/rust-lang/crates.io-index"
checksum = "0fe976fb70c78cd64cccfe3a6fc142244e8a77b70959b30faf9d0ac37ee228eb"
dependencies = [
 "proc-macro2",
 "quote",
 "syn 2.0.119",
]

[[package]]
name = "zmij"
version = "1.0.23"
source = "registry+https://github.com/rust-lang/crates.io-index"
checksum = "29666d0abbfad1e3dc4dcf6144730dd3a3ab225bbbdac83319345b1b44ccfc1b"
